
Microsoft Visual Studio Solution File, Format Version 12.00
# Visual Studio Version 16
VisualStudioVersion = 16.0.29911.84
MinimumVisualStudioVersion = 10.0.40219.1
Project("{8BC9CEB8-8B4A-11D0-8D11-00A0C91BC942}") = "YDLidarSDK", "YDLidarSDK\YDLidarSDK.vcxproj", "{6432809D-9DFE-4EE9-9B4B-2C5DA90C8F49}"
EndProject
Project("{FAE04EC0-301F-11D3-BF4B-00C04F79EFBC}") = "YDLidarSharp", "YDLidarSharp\YDLidarSharp.csproj", "{6CF3BEBD-6308-40FA-9999-A64C811B3877}"
EndProject
Global
	GlobalSection(SolutionConfigurationPlatforms) = preSolution
		Debug|Any CPU = Debug|Any CPU
		Debug|x64 = Debug|x64
		Release|Any CPU = Release|Any CPU
		Release|x64 = Release|x64
	EndGlobalSection
	GlobalSection(ProjectConfigurationPlatforms) = postSolution
		{6432809D-9DFE-4EE9-9B4B-2C5DA90C8F49}.Debug|Any CPU.ActiveCfg = Debug|Win32
		{6432809D-9DFE-4EE9-9B4B-2C5DA90C8F49}.Debug|x64.ActiveCfg = Debug|x64
		{6432809D-9DFE-4EE9-9B4B-2C5DA90C8F49}.Debug|x64.Build.0 = Debug|x64
		{6432809D-9DFE-4EE9-9B4B-2C5DA90C8F49}.Release|Any CPU.ActiveCfg = Release|Win32
		{6432809D-9DFE-4EE9-9B4B-2C5DA90C8F49}.Release|x64.ActiveCfg = Release|x64
		{6432809D-9DFE-4EE9-9B4B-2C5DA90C8F49}.Release|x64.Build.0 = Release|x64
		{6CF3BEBD-6308-40FA-9999-A64C811B3877}.Debug|Any CPU.ActiveCfg = Debug|Any CPU
		{6CF3BEBD-6308-40FA-9999-A64C811B3877}.Debug|Any CPU.Build.0 = Debug|Any CPU
		{6CF3BEBD-6308-40FA-9999-A64C811B3877}.Debug|x64.ActiveCfg = Debug|Any CPU
		{6CF3BEBD-6308-40FA-9999-A64C811B3877}.Debug|x64.Build.0 = Debug|Any CPU
		{6CF3BEBD-6308-40FA-9999-A64C811B3877}.Release|Any CPU.ActiveCfg = Release|Any CPU
		{6CF3BEBD-6308-40FA-9999-A64C811B3877}.Release|Any CPU.Build.0 = Release|Any CPU
		{6CF3BEBD-6308-40FA-9999-A64C811B3877}.Release|x64.ActiveCfg = Release|Any CPU
		{6CF3BEBD-6308-40FA-9999-A64C811B3877}.Release|x64.Build.0 = Release|Any CPU
	EndGlobalSection
	GlobalSection(SolutionProperties) = preSolution
		HideSolutionNode = FALSE
	EndGlobalSection
	GlobalSection(ExtensibilityGlobals) = postSolution
		SolutionGuid = {C51CE514-A804-4C87-A519-549A932421BE}
	EndGlobalSection
EndGlobal
